
Microsoft Visual Studio Solution File, Format Version 12.00
# Visual Studio Version 16
VisualStudioVersion = 16.0.33529.622
MinimumVisualStudioVersion = 10.0.40219.1
Project("{FAE04EC0-301F-11D3-BF4B-00C04F79EFBC}") = "ProgrammING", "ProgrammING\ProgrammING.csproj", "{7B8BD7E3-3897-4CDE-AD54-A2570184FB50}"
EndProject
Project("{FAE04EC0-301F-11D3-BF4B-00C04F79EFBC}") = "Sum", "Sum\Sum.csproj", "{924411AA-348F-47BA-931F-BB668479F8EC}"
EndProject
Global
	GlobalSection(SolutionConfigurationPlatforms) = preSolution
		Debug|Any CPU = Debug|Any CPU
		Release|Any CPU = Release|Any CPU
	EndGlobalSection
	GlobalSection(ProjectConfigurationPlatforms) = postSolution
		{7B8BD7E3-3897-4CDE-AD54-A2570184FB50}.Debug|Any CPU.ActiveCfg = Debug|Any CPU
		{7B8BD7E3-3897-4CDE-AD54-A2570184FB50}.Debug|Any CPU.Build.0 = Debug|Any CPU
		{7B8BD7E3-3897-4CDE-AD54-A2570184FB50}.Release|Any CPU.ActiveCfg = Release|Any CPU
		{7B8BD7E3-3897-4CDE-AD54-A2570184FB50}.Release|Any CPU.Build.0 = Release|Any CPU
		{924411AA-348F-47BA-931F-BB668479F8EC}.Debug|Any CPU.ActiveCfg = Debug|Any CPU
		{924411AA-348F-47BA-931F-BB668479F8EC}.Debug|Any CPU.Build.0 = Debug|Any CPU
		{924411AA-348F-47BA-931F-BB668479F8EC}.Release|Any CPU.ActiveCfg = Release|Any CPU
		{924411AA-348F-47BA-931F-BB668479F8EC}.Release|Any CPU.Build.0 = Release|Any CPU
	EndGlobalSection
	GlobalSection(SolutionProperties) = preSolution
		HideSolutionNode = FALSE
	EndGlobalSection
	GlobalSection(ExtensibilityGlobals) = postSolution
		SolutionGuid = {3781D398-5866-4945-9372-B989E6B71806}
	EndGlobalSection
EndGlobal
